<?xml version="1.0" encoding="utf-8"?>
<Project ToolsVersion="4.0" xmlns="http://schemas.microsoft.com/developer/msbuild/2003">
  <ItemGroup>
    <Filter Include="Source Files">
      <UniqueIdentifier>{4FC737F1-C7A5-4376-A066-2A32D752A2FF}</UniqueIdentifier>
      <Extensions>cpp;c;cc;cxx;c++;cppm;ixx;def;odl;idl;hpj;bat;asm;asmx</Extensions>
    </Filter>
    <Filter Include="Header Files">
      <UniqueIdentifier>{93995380-89BD-4b04-88EB-625FBE52EBFB}</UniqueIdentifier>
      <Extensions>h;hh;hpp;hxx;h++;hm;inl;inc;ipp;xsd</Extensions>
    </Filter>
    <Filter Include="Resource Files">
      <UniqueIdentifier>{67DA6AB6-F800-4c08-8B7A-83BB121AAD01}</UniqueIdentifier>
      <Extensions>rc;ico;cur;bmp;dlg;rc2;rct;bin;rgs;gif;jpg;jpeg;jpe;resx;tiff;tif;png;wav;mfcribbon-ms</Extensions>
    </Filter>
    <Filter Include="Source Files\ECS">
      <UniqueIdentifier>{2a961630-e71a-478c-8721-e803f137a55e}</UniqueIdentifier>
    </Filter>
    <Filter Include="Source Files\Main">
      <UniqueIdentifier>{13e7cacb-abd7-4507-9877-9cef8945b16b}</UniqueIdentifier>
    </Filter>
    <Filter Include="Source Files\ECS\Managers">
      <UniqueIdentifier>{76152d41-b083-432f-a8b9-e172d65e1542}</UniqueIdentifier>
    </Filter>
    <Filter Include="Source Files\ECS\Managers\ComponentManager">
      <UniqueIdentifier>{506d3417-c434-4918-8c61-cb1e34808930}</UniqueIdentifier>
    </Filter>
    <Filter Include="Source Files\ECS\Managers\EntityManager">
      <UniqueIdentifier>{ef05068b-80d6-4936-a84e-7459cb47ee71}</UniqueIdentifier>
    </Filter>
    <Filter Include="Source Files\ECS\Managers\SystemManager">
      <UniqueIdentifier>{e1fc7541-385b-4238-aa44-78a4d8a561f0}</UniqueIdentifier>
    </Filter>
    <Filter Include="Source Files\ECS\ECS">
      <UniqueIdentifier>{0fc42f7c-12b5-4f1b-8602-38750bf83ef0}</UniqueIdentifier>
    </Filter>
    <Filter Include="Source Files\Components">
      <UniqueIdentifier>{23a9781f-cac2-4192-b308-c3aecdfe502a}</UniqueIdentifier>
    </Filter>
    <Filter Include="Source Files\ECS\Managers\Coordinator">
      <UniqueIdentifier>{a31005ad-761c-495a-82cc-05432b597b00}</UniqueIdentifier>
    </Filter>
    <Filter Include="Source Files\Registry">
      <UniqueIdentifier>{d3e5233b-1d96-4f2d-bb60-4c5694463841}</UniqueIdentifier>
    </Filter>
    <Filter Include="Source Files\Systems">
      <UniqueIdentifier>{5b8e8009-aa76-4614-a405-4fefa329cc71}</UniqueIdentifier>
    </Filter>
  </ItemGroup>
  <ItemGroup>
    <ClInclude Include="Source\EntityManager.hpp">
      <Filter>Source Files\ECS\Managers\EntityManager</Filter>
    </ClInclude>
    <ClInclude Include="Source\ComponentManager.hpp">
      <Filter>Source Files\ECS\Managers\ComponentManager</Filter>
    </ClInclude>
    <ClInclude Include="Source\SystemManager.hpp">
      <Filter>Source Files\ECS\Managers\SystemManager</Filter>
    </ClInclude>
    <ClInclude Include="Source\Coordinator.hpp">
      <Filter>Source Files\ECS\Managers\Coordinator</Filter>
    </ClInclude>
    <ClInclude Include="Source\Component.hpp">
      <Filter>Source Files\ECS\ECS</Filter>
    </ClInclude>
    <ClInclude Include="Source\Entity.hpp">
      <Filter>Source Files\ECS\ECS</Filter>
    </ClInclude>
    <ClInclude Include="Source\System.hpp">
      <Filter>Source Files\ECS\ECS</Filter>
    </ClInclude>
    <ClInclude Include="Source\Logger.hpp">
      <Filter>Source Files\Components</Filter>
    </ClInclude>
    <ClInclude Include="Source\Registry.hpp">
      <Filter>Source Files\Registry</Filter>
    </ClInclude>
    <ClInclude Include="Source\Rigidbody.hpp">
      <Filter>Source Files\Components</Filter>
    </ClInclude>
    <ClInclude Include="Source\Transform.hpp">
      <Filter>Source Files\Components</Filter>
    </ClInclude>
    <ClInclude Include="Source\PhysicsSystem.hpp">
      <Filter>Source Files\Systems</Filter>
    </ClInclude>
  </ItemGroup>
  <ItemGroup>
    <ClCompile Include="Source\Main.cpp">
      <Filter>Source Files\Main</Filter>
    </ClCompile>
  </ItemGroup>
</Project>